
Microsoft Visual Studio Solution File, Format Version 12.00
# Visual Studio Version 17
VisualStudioVersion = 17.6.33829.357
MinimumVisualStudioVersion = 10.0.40219.1
Project("{FAE04EC0-301F-11D3-BF4B-00C04F79EFBC}") = "NumericAndListPatterns", "NumericAndListPatterns\NumericAndListPatterns.csproj", "{6EAD13E3-F7C5-4D5A-9A4C-38497B56A944}"
EndProject
Global
	GlobalSection(SolutionConfigurationPlatforms) = preSolution
		Debug|Any CPU = Debug|Any CPU
		Release|Any CPU = Release|Any CPU
	EndGlobalSection
	GlobalSection(ProjectConfigurationPlatforms) = postSolution
		{6EAD13E3-F7C5-4D5A-9A4C-38497B56A944}.Debug|Any CPU.ActiveCfg = Debug|Any CPU
		{6EAD13E3-F7C5-4D5A-9A4C-38497B56A944}.Debug|Any CPU.Build.0 = Debug|Any CPU
		{6EAD13E3-F7C5-4D5A-9A4C-38497B56A944}.Release|Any CPU.ActiveCfg = Release|Any CPU
		{6EAD13E3-F7C5-4D5A-9A4C-38497B56A944}.Release|Any CPU.Build.0 = Release|Any CPU
	EndGlobalSection
	GlobalSection(SolutionProperties) = preSolution
		HideSolutionNode = FALSE
	EndGlobalSection
	GlobalSection(ExtensibilityGlobals) = postSolution
		SolutionGuid = {B84A5357-89F1-45D4-B4E3-5E58FFB1096D}
	EndGlobalSection
EndGlobal
